
Microsoft Visual Studio Solution File, Format Version 12.00
# Visual Studio 15
VisualStudioVersion = 15.0.27004.2002
MinimumVisualStudioVersion = 10.0.40219.1
Project("{FAE04EC0-301F-11D3-BF4B-00C04F79EFBC}") = "TestMVC", "TestMVC\TestMVC.csproj", "{C1D339F5-8C67-4ED0-BC59-916EDC1AB2F3}"
EndProject
Global
	GlobalSection(SolutionConfigurationPlatforms) = preSolution
		Debug|Any CPU = Debug|Any CPU
		Release|Any CPU = Release|Any CPU
	EndGlobalSection
	GlobalSection(ProjectConfigurationPlatforms) = postSolution
		{C1D339F5-8C67-4ED0-BC59-916EDC1AB2F3}.Debug|Any CPU.ActiveCfg = Debug|Any CPU
		{C1D339F5-8C67-4ED0-BC59-916EDC1AB2F3}.Debug|Any CPU.Build.0 = Debug|Any CPU
		{C1D339F5-8C67-4ED0-BC59-916EDC1AB2F3}.Release|Any CPU.ActiveCfg = Release|Any CPU
		{C1D339F5-8C67-4ED0-BC59-916EDC1AB2F3}.Release|Any CPU.Build.0 = Release|Any CPU
	EndGlobalSection
	GlobalSection(SolutionProperties) = preSolution
		HideSolutionNode = FALSE
	EndGlobalSection
	GlobalSection(ExtensibilityGlobals) = postSolution
		SolutionGuid = {7ED77816-6903-44C6-85FF-F44F8A8CED86}
	EndGlobalSection
EndGlobal
